
Microsoft Visual Studio Solution File, Format Version 12.00
# Visual Studio 15
VisualStudioVersion = 15.0.26730.16
MinimumVisualStudioVersion = 10.0.40219.1
Project("{FAE04EC0-301F-11D3-BF4B-00C04F79EFBC}") = "SoundDirectionViewer", "SoundDirectionViewer\SoundDirectionViewer.csproj", "{5BC3AE2A-BBA1-4475-8720-8438D51984B5}"
	ProjectSection(ProjectDependencies) = postProject
		{2779DECA-6FAD-4382-B6B0-69DF69483E01} = {2779DECA-6FAD-4382-B6B0-69DF69483E01}
	EndProjectSection
EndProject
Project("{FAE04EC0-301F-11D3-BF4B-00C04F79EFBC}") = "Common", "Common\Common.csproj", "{2779DECA-6FAD-4382-B6B0-69DF69483E01}"
EndProject
Project("{FAE04EC0-301F-11D3-BF4B-00C04F79EFBC}") = "SoundDirectionFinderPC", "SoundDirectionFinderPC\SoundDirectionFinderPC.csproj", "{2EBB201E-51ED-4F7D-9D9B-94E4BD882DB1}"
EndProject
Global
	GlobalSection(SolutionConfigurationPlatforms) = preSolution
		Debug|Any CPU = Debug|Any CPU
		Release|Any CPU = Release|Any CPU
	EndGlobalSection
	GlobalSection(ProjectConfigurationPlatforms) = postSolution
		{5BC3AE2A-BBA1-4475-8720-8438D51984B5}.Debug|Any CPU.ActiveCfg = Debug|Any CPU
		{5BC3AE2A-BBA1-4475-8720-8438D51984B5}.Debug|Any CPU.Build.0 = Debug|Any CPU
		{5BC3AE2A-BBA1-4475-8720-8438D51984B5}.Release|Any CPU.ActiveCfg = Release|Any CPU
		{5BC3AE2A-BBA1-4475-8720-8438D51984B5}.Release|Any CPU.Build.0 = Release|Any CPU
		{2779DECA-6FAD-4382-B6B0-69DF69483E01}.Debug|Any CPU.ActiveCfg = Debug|Any CPU
		{2779DECA-6FAD-4382-B6B0-69DF69483E01}.Debug|Any CPU.Build.0 = Debug|Any CPU
		{2779DECA-6FAD-4382-B6B0-69DF69483E01}.Release|Any CPU.ActiveCfg = Release|Any CPU
		{2779DECA-6FAD-4382-B6B0-69DF69483E01}.Release|Any CPU.Build.0 = Release|Any CPU
		{2EBB201E-51ED-4F7D-9D9B-94E4BD882DB1}.Debug|Any CPU.ActiveCfg = Debug|Any CPU
		{2EBB201E-51ED-4F7D-9D9B-94E4BD882DB1}.Debug|Any CPU.Build.0 = Debug|Any CPU
		{2EBB201E-51ED-4F7D-9D9B-94E4BD882DB1}.Release|Any CPU.ActiveCfg = Release|Any CPU
		{2EBB201E-51ED-4F7D-9D9B-94E4BD882DB1}.Release|Any CPU.Build.0 = Release|Any CPU
	EndGlobalSection
	GlobalSection(SolutionProperties) = preSolution
		HideSolutionNode = FALSE
	EndGlobalSection
	GlobalSection(ExtensibilityGlobals) = postSolution
		SolutionGuid = {94C62BE6-3A89-4CD3-83FB-13277EB94945}
	EndGlobalSection
EndGlobal
